PODS:
  - Bond (7.8.1):
    - Differ (~> 1.4)
    - ReactiveKit (~> 3.14)
  - Differ (1.4.5)
  - ReactiveKit (3.17.4)
  - Realm (10.8.1):
    - Realm/Headers (= 10.8.1)
  - Realm/Headers (10.8.1)
  - RealmSwift (10.8.1):
    - Realm (= 10.8.1)

DEPENDENCIES:
  - Bond
  - RealmSwift

SPEC REPOS:
  trunk:
    - Bond
    - Differ
    - ReactiveKit
    - Realm
    - RealmSwift

SPEC CHECKSUMS:
  Bond: 87075c7f20f37ea3e73dc7057fce839787bf46eb
  Differ: 3b6bd78e2b20cc795d9a86f7641d087524e4273e
  ReactiveKit: f9f9e079efa39312c597bf1508ef4810d111ce76
  Realm: a2db54d9dcceddeba936b429f5b3d6610a109686
  RealmSwift: 2a3c75ecbf5a3b04080ff5f6f0554cf6337b4764

PODFILE CHECKSUM: f10aa771a1cc68b4467c4e9646261a2006e7cbfa

COCOAPODS: 1.10.1
