// !$*UTF8*$!
{
	archiveVersion = 1;
	classes = {
	};
	objectVersion = 51;
	objects = {

/* Begin PBXBuildFile section */
		623F79E68790794AE48E325D /* Pods_12_6.framework in Frameworks */ = {isa = PBXBuildFile; fileRef = C61F0A7589799DC73E0F3AE9 /* Pods_12_6.framework */; };
		CE15F6FF26503B8E00AF8E6D /* AppDelegate.swift in Sources */ = {isa = PBXBuildFile; fileRef = CE15F6FE26503B8E00AF8E6D /* AppDelegate.swift */; };
		CE15F70126503B8E00AF8E6D /* SceneDelegate.swift in Sources */ = {isa = PBXBuildFile; fileRef = CE15F70026503B8E00AF8E6D /* SceneDelegate.swift */; };
		CE15F70326503B8E00AF8E6D /* ViewController.swift in Sources */ = {isa = PBXBuildFile; fileRef = CE15F70226503B8E00AF8E6D /* ViewController.swift */; };
		CE15F70626503B8F00AF8E6D /* Main.storyboard in Resources */ = {isa = PBXBuildFile; fileRef = CE15F70426503B8F00AF8E6D /* Main.storyboard */; };
		CE15F70826503BAE00AF8E6D /* Assets.xcassets in Resources */ = {isa = PBXBuildFile; fileRef = CE15F70726503BAE00AF8E6D /* Assets.xcassets */; };
		CE15F70B26503BAE00AF8E6D /* LaunchScreen.storyboard in Resources */ = {isa = PBXBuildFile; fileRef = CE15F70926503BAE00AF8E6D /* LaunchScreen.storyboard */; };
		CE15F7142650419600AF8E6D /* CurrentWeather.swift in Sources */ = {isa = PBXBuildFile; fileRef = CE15F7132650419600AF8E6D /* CurrentWeather.swift */; };
		CE15F718265044DC00AF8E6D /* WeatherLoader.swift in Sources */ = {isa = PBXBuildFile; fileRef = CE15F717265044DC00AF8E6D /* WeatherLoader.swift */; };
		CE3C85E02654F78500C0DF00 /* Weather7.swift in Sources */ = {isa = PBXBuildFile; fileRef = CE3C85DF2654F78500C0DF00 /* Weather7.swift */; };
		CE3C85E32655241000C0DF00 /* WeatherCell.swift in Sources */ = {isa = PBXBuildFile; fileRef = CE3C85E22655241000C0DF00 /* WeatherCell.swift */; };
		CEC29A2B265554DF00446DA9 /* AlamofireViewController.swift in Sources */ = {isa = PBXBuildFile; fileRef = CEC29A2A265554DF00446DA9 /* AlamofireViewController.swift */; };
		CECB9323265817190086438A /* User.swift in Sources */ = {isa = PBXBuildFile; fileRef = CECB9322265817190086438A /* User.swift */; };
		CECB9326265821280086438A /* Todo.swift in Sources */ = {isa = PBXBuildFile; fileRef = CECB9325265821280086438A /* Todo.swift */; };
		CECB936A26582EF80086438A /* TodoViewController.swift in Sources */ = {isa = PBXBuildFile; fileRef = CECB936926582EF80086438A /* TodoViewController.swift */; };
		CEDF0C9F265E596D00DCF90A /* TodoModel.xcdatamodeld in Sources */ = {isa = PBXBuildFile; fileRef = CEDF0C9D265E596D00DCF90A /* TodoModel.xcdatamodeld */; };
		CEDF0CA2265E5A7800DCF90A /* TodoCoreViewController.swift in Sources */ = {isa = PBXBuildFile; fileRef = CEDF0CA1265E5A7800DCF90A /* TodoCoreViewController.swift */; };
/* End PBXBuildFile section */

/* Begin PBXFileReference section */
		00368EE6C914A347C5101F3C /* Pods-12.6.release.xcconfig */ = {isa = PBXFileReference; includeInIndex = 1; lastKnownFileType = text.xcconfig; name = "Pods-12.6.release.xcconfig"; path = "Target Support Files/Pods-12.6/Pods-12.6.release.xcconfig"; sourceTree = "<group>"; };
		C61F0A7589799DC73E0F3AE9 /* Pods_12_6.framework */ = {isa = PBXFileReference; explicitFileType = wrapper.framework; includeInIndex = 0; path = Pods_12_6.framework; sourceTree = BUILT_PRODUCTS_DIR; };
		CE15F6FE26503B8E00AF8E6D /* AppDelegate.swift */ = {isa = PBXFileReference; lastKnownFileType = sourcecode.swift; path = AppDelegate.swift; sourceTree = "<group>"; };
		CE15F70026503B8E00AF8E6D /* SceneDelegate.swift */ = {isa = PBXFileReference; lastKnownFileType = sourcecode.swift; path = SceneDelegate.swift; sourceTree = "<group>"; };
		CE15F70226503B8E00AF8E6D /* ViewController.swift */ = {isa = PBXFileReference; lastKnownFileType = sourcecode.swift; path = ViewController.swift; sourceTree = "<group>"; };
		CE15F70526503B8F00AF8E6D /* Base */ = {isa = PBXFileReference; lastKnownFileType = file.storyboard; name = Base; path = Base.lproj/Main.storyboard; sourceTree = "<group>"; };
		CE15F70726503BAE00AF8E6D /* Assets.xcassets */ = {isa = PBXFileReference; lastKnownFileType = folder.assetcatalog; path = Assets.xcassets; sourceTree = "<group>"; };
		CE15F70A26503BAE00AF8E6D /* Base */ = {isa = PBXFileReference; lastKnownFileType = file.storyboard; name = Base; path = Base.lproj/LaunchScreen.storyboard; sourceTree = "<group>"; };
		CE15F70C26503BAE00AF8E6D /* Info.plist */ = {isa = PBXFileReference; lastKnownFileType = text.plist.xml; path = Info.plist; sourceTree = "<group>"; };
		CE15F7132650419600AF8E6D /* CurrentWeather.swift */ = {isa = PBXFileReference; lastKnownFileType = sourcecode.swift; path = CurrentWeather.swift; sourceTree = "<group>"; };
		CE15F717265044DC00AF8E6D /* WeatherLoader.swift */ = {isa = PBXFileReference; lastKnownFileType = sourcecode.swift; path = WeatherLoader.swift; sourceTree = "<group>"; };
		CE3C85DF2654F78500C0DF00 /* Weather7.swift */ = {isa = PBXFileReference; lastKnownFileType = sourcecode.swift; path = Weather7.swift; sourceTree = "<group>"; };
		CE3C85E22655241000C0DF00 /* WeatherCell.swift */ = {isa = PBXFileReference; lastKnownFileType = sourcecode.swift; path = WeatherCell.swift; sourceTree = "<group>"; };
		CEC29A2A265554DF00446DA9 /* AlamofireViewController.swift */ = {isa = PBXFileReference; lastKnownFileType = sourcecode.swift; path = AlamofireViewController.swift; sourceTree = "<group>"; };
		CECB9322265817190086438A /* User.swift */ = {isa = PBXFileReference; lastKnownFileType = sourcecode.swift; path = User.swift; sourceTree = "<group>"; };
		CECB9325265821280086438A /* Todo.swift */ = {isa = PBXFileReference; lastKnownFileType = sourcecode.swift; path = Todo.swift; sourceTree = "<group>"; };
		CECB936326582A660086438A /* 12.6.app */ = {isa = PBXFileReference; explicitFileType = wrapper.application; includeInIndex = 0; path = 12.6.app; sourceTree = BUILT_PRODUCTS_DIR; };
		CECB936926582EF80086438A /* TodoViewController.swift */ = {isa = PBXFileReference; lastKnownFileType = sourcecode.swift; path = TodoViewController.swift; sourceTree = "<group>"; };
		CEDF0C9E265E596D00DCF90A /* TodoModel.xcdatamodel */ = {isa = PBXFileReference; lastKnownFileType = wrapper.xcdatamodel; path = TodoModel.xcdatamodel; sourceTree = "<group>"; };
		CEDF0CA1265E5A7800DCF90A /* TodoCoreViewController.swift */ = {isa = PBXFileReference; lastKnownFileType = sourcecode.swift; path = TodoCoreViewController.swift; sourceTree = "<group>"; };
		EF898E45A07759AA7D32B4B1 /* Pods-12.6.debug.xcconfig */ = {isa = PBXFileReference; includeInIndex = 1; lastKnownFileType = text.xcconfig; name = "Pods-12.6.debug.xcconfig"; path = "Target Support Files/Pods-12.6/Pods-12.6.debug.xcconfig"; sourceTree = "<group>"; };
/* End PBXFileReference section */

/* Begin PBXFrameworksBuildPhase section */
		CE15F6F826503B8E00AF8E6D /* Frameworks */ = {
			isa = PBXFrameworksBuildPhase;
			buildActionMask = 2147483647;
			files = (
				623F79E68790794AE48E325D /* Pods_12_6.framework in Frameworks */,
			);
			runOnlyForDeploymentPostprocessing = 0;
		};
/* End PBXFrameworksBuildPhase section */

/* Begin PBXGroup section */
		60D61DD2D3E884C8DD70C8F7 /* Frameworks */ = {
			isa = PBXGroup;
			children = (
				C61F0A7589799DC73E0F3AE9 /* Pods_12_6.framework */,
			);
			name = Frameworks;
			sourceTree = "<group>";
		};
		6335BF32366B2C404C4F4AB8 /* Pods */ = {
			isa = PBXGroup;
			children = (
				EF898E45A07759AA7D32B4B1 /* Pods-12.6.debug.xcconfig */,
				00368EE6C914A347C5101F3C /* Pods-12.6.release.xcconfig */,
			);
			path = Pods;
			sourceTree = "<group>";
		};
		CE15F6F226503B8E00AF8E6D = {
			isa = PBXGroup;
			children = (
				CE15F6FD26503B8E00AF8E6D /* 12.6 */,
				6335BF32366B2C404C4F4AB8 /* Pods */,
				60D61DD2D3E884C8DD70C8F7 /* Frameworks */,
				CECB936326582A660086438A /* 12.6.app */,
			);
			sourceTree = "<group>";
		};
		CE15F6FD26503B8E00AF8E6D /* 12.6 */ = {
			isa = PBXGroup;
			children = (
				CE15F6FE26503B8E00AF8E6D /* AppDelegate.swift */,
				CEDF0C9D265E596D00DCF90A /* TodoModel.xcdatamodeld */,
				CECB9325265821280086438A /* Todo.swift */,
				CECB936926582EF80086438A /* TodoViewController.swift */,
				CEDF0CA1265E5A7800DCF90A /* TodoCoreViewController.swift */,
				CE15F70026503B8E00AF8E6D /* SceneDelegate.swift */,
				CE15F70226503B8E00AF8E6D /* ViewController.swift */,
				CEC29A2A265554DF00446DA9 /* AlamofireViewController.swift */,
				CE15F7132650419600AF8E6D /* CurrentWeather.swift */,
				CE3C85DF2654F78500C0DF00 /* Weather7.swift */,
				CE3C85E22655241000C0DF00 /* WeatherCell.swift */,
				CE15F70426503B8F00AF8E6D /* Main.storyboard */,
				CECB9322265817190086438A /* User.swift */,
				CE15F717265044DC00AF8E6D /* WeatherLoader.swift */,
				CE15F70726503BAE00AF8E6D /* Assets.xcassets */,
				CE15F70926503BAE00AF8E6D /* LaunchScreen.storyboard */,
				CE15F70C26503BAE00AF8E6D /* Info.plist */,
			);
			path = 12.6;
			sourceTree = "<group>";
		};
/* End PBXGroup section */

/* Begin PBXNativeTarget section */
		CE15F6FA26503B8E00AF8E6D /* 12.6 */ = {
			isa = PBXNativeTarget;
			buildConfigurationList = CE15F70F26503BAE00AF8E6D /* Build configuration list for PBXNativeTarget "12.6" */;
			buildPhases = (
				01338AE1B380B1359C8B36A7 /* [CP] Check Pods Manifest.lock */,
				CE15F6F726503B8E00AF8E6D /* Sources */,
				CE15F6F826503B8E00AF8E6D /* Frameworks */,
				CE15F6F926503B8E00AF8E6D /* Resources */,
				8BF22E1A1BC1218C74F1E3FF /* [CP] Embed Pods Frameworks */,
			);
			buildRules = (
			);
			dependencies = (
			);
			name = 12.6;
			productName = 12.6;
			productReference = CECB936326582A660086438A /* 12.6.app */;
			productType = "com.apple.product-type.application";
		};
/* End PBXNativeTarget section */

/* Begin PBXProject section */
		CE15F6F326503B8E00AF8E6D /* Project object */ = {
			isa = PBXProject;
			attributes = {
				LastSwiftUpdateCheck = 1240;
				LastUpgradeCheck = 1240;
				TargetAttributes = {
					CE15F6FA26503B8E00AF8E6D = {
						CreatedOnToolsVersion = 12.4;
					};
				};
			};
			buildConfigurationList = CE15F6F626503B8E00AF8E6D /* Build configuration list for PBXProject "12.6" */;
			compatibilityVersion = "Xcode 9.3";
			developmentRegion = en;
			hasScannedForEncodings = 0;
			knownRegions = (
				en,
				Base,
			);
			mainGroup = CE15F6F226503B8E00AF8E6D;
			productRefGroup = CE15F6F226503B8E00AF8E6D;
			projectDirPath = "";
			projectRoot = "";
			targets = (
				CE15F6FA26503B8E00AF8E6D /* 12.6 */,
			);
		};
/* End PBXProject section */

/* Begin PBXResourcesBuildPhase section */
		CE15F6F926503B8E00AF8E6D /* Resources */ = {
			isa = PBXResourcesBuildPhase;
			buildActionMask = 2147483647;
			files = (
				CE15F70B26503BAE00AF8E6D /* LaunchScreen.storyboard in Resources */,
				CE15F70826503BAE00AF8E6D /* Assets.xcassets in Resources */,
				CE15F70626503B8F00AF8E6D /* Main.storyboard in Resources */,
			);
			runOnlyForDeploymentPostprocessing = 0;
		};
/* End PBXResourcesBuildPhase section */

/* Begin PBXShellScriptBuildPhase section */
		01338AE1B380B1359C8B36A7 /* [CP] Check Pods Manifest.lock */ = {
			isa = PBXShellScriptBuildPhase;
			buildActionMask = 2147483647;
			files = (
			);
			inputFileListPaths = (
			);
			inputPaths = (
				"${PODS_PODFILE_DIR_PATH}/Podfile.lock",
				"${PODS_ROOT}/Manifest.lock",
			);
			name = "[CP] Check Pods Manifest.lock";
			outputFileListPaths = (
			);
			outputPaths = (
				"$(DERIVED_FILE_DIR)/Pods-12.6-checkManifestLockResult.txt",
			);
			runOnlyForDeploymentPostprocessing = 0;
			shellPath = /bin/sh;
			shellScript = "diff \"${PODS_PODFILE_DIR_PATH}/Podfile.lock\" \"${PODS_ROOT}/Manifest.lock\" > /dev/null\nif [ $? != 0 ] ; then\n    # print error to STDERR\n    echo \"error: The sandbox is not in sync with the Podfile.lock. Run 'pod install' or update your CocoaPods installation.\" >&2\n    exit 1\nfi\n# This output is used by Xcode 'outputs' to avoid re-running this script phase.\necho \"SUCCESS\" > \"${SCRIPT_OUTPUT_FILE_0}\"\n";
			showEnvVarsInLog = 0;
		};
		8BF22E1A1BC1218C74F1E3FF /* [CP] Embed Pods Frameworks */ = {
			isa = PBXShellScriptBuildPhase;
			buildActionMask = 2147483647;
			files = (
			);
			inputFileListPaths = (
				"${PODS_ROOT}/Target Support Files/Pods-12.6/Pods-12.6-frameworks-${CONFIGURATION}-input-files.xcfilelist",
			);
			name = "[CP] Embed Pods Frameworks";
			outputFileListPaths = (
				"${PODS_ROOT}/Target Support Files/Pods-12.6/Pods-12.6-frameworks-${CONFIGURATION}-output-files.xcfilelist",
			);
			runOnlyForDeploymentPostprocessing = 0;
			shellPath = /bin/sh;
			shellScript = "\"${PODS_ROOT}/Target Support Files/Pods-12.6/Pods-12.6-frameworks.sh\"\n";
			showEnvVarsInLog = 0;
		};
/* End PBXShellScriptBuildPhase section */

/* Begin PBXSourcesBuildPhase section */
		CE15F6F726503B8E00AF8E6D /* Sources */ = {
			isa = PBXSourcesBuildPhase;
			buildActionMask = 2147483647;
			files = (
				CE15F7142650419600AF8E6D /* CurrentWeather.swift in Sources */,
				CEDF0C9F265E596D00DCF90A /* TodoModel.xcdatamodeld in Sources */,
				CE15F70326503B8E00AF8E6D /* ViewController.swift in Sources */,
				CE15F718265044DC00AF8E6D /* WeatherLoader.swift in Sources */,
				CEDF0CA2265E5A7800DCF90A /* TodoCoreViewController.swift in Sources */,
				CE15F6FF26503B8E00AF8E6D /* AppDelegate.swift in Sources */,
				CE15F70126503B8E00AF8E6D /* SceneDelegate.swift in Sources */,
				CECB9323265817190086438A /* User.swift in Sources */,
				CE3C85E02654F78500C0DF00 /* Weather7.swift in Sources */,
				CE3C85E32655241000C0DF00 /* WeatherCell.swift in Sources */,
				CEC29A2B265554DF00446DA9 /* AlamofireViewController.swift in Sources */,
				CECB936A26582EF80086438A /* TodoViewController.swift in Sources */,
				CECB9326265821280086438A /* Todo.swift in Sources */,
			);
			runOnlyForDeploymentPostprocessing = 0;
		};
/* End PBXSourcesBuildPhase section */

/* Begin PBXVariantGroup section */
		CE15F70426503B8F00AF8E6D /* Main.storyboard */ = {
			isa = PBXVariantGroup;
			children = (
				CE15F70526503B8F00AF8E6D /* Base */,
			);
			name = Main.storyboard;
			sourceTree = "<group>";
		};
		CE15F70926503BAE00AF8E6D /* LaunchScreen.storyboard */ = {
			isa = PBXVariantGroup;
			children = (
				CE15F70A26503BAE00AF8E6D /* Base */,
			);
			name = LaunchScreen.storyboard;
			sourceTree = "<group>";
		};
/* End PBXVariantGroup section */

/* Begin XCBuildConfiguration section */
		CE15F70D26503BAE00AF8E6D /* Debug */ = {
			isa = XCBuildConfiguration;
			buildSettings = {
				ALWAYS_SEARCH_USER_PATHS = NO;
				CLANG_ANALYZER_NONNULL = YES;
				CLANG_ANALYZER_NUMBER_OBJECT_CONVERSION = YES_AGGRESSIVE;
				CLANG_CXX_LANGUAGE_STANDARD = "gnu++14";
				CLANG_CXX_LIBRARY = "libc++";
				CLANG_ENABLE_MODULES = YES;
				CLANG_ENABLE_OBJC_ARC = YES;
				CLANG_ENABLE_OBJC_WEAK = YES;
				CLANG_WARN_BLOCK_CAPTURE_AUTORELEASING = YES;
				CLANG_WARN_BOOL_CONVERSION = YES;
				CLANG_WARN_COMMA = YES;
				CLANG_WARN_CONSTANT_CONVERSION = YES;
				CLANG_WARN_DEPRECATED_OBJC_IMPLEMENTATIONS = YES;
				CLANG_WARN_DIRECT_OBJC_ISA_USAGE = YES_ERROR;
				CLANG_WARN_DOCUMENTATION_COMMENTS = YES;
				CLANG_WARN_EMPTY_BODY = YES;
				CLANG_WARN_ENUM_CONVERSION = YES;
				CLANG_WARN_INFINITE_RECURSION = YES;
				CLANG_WARN_INT_CONVERSION = YES;
				CLANG_WARN_NON_LITERAL_NULL_CONVERSION = YES;
				CLANG_WARN_OBJC_IMPLICIT_RETAIN_SELF = YES;
				CLANG_WARN_OBJC_LITERAL_CONVERSION = YES;
				CLANG_WARN_OBJC_ROOT_CLASS = YES_ERROR;
				CLANG_WARN_QUOTED_INCLUDE_IN_FRAMEWORK_HEADER = YES;
				CLANG_WARN_RANGE_LOOP_ANALYSIS = YES;
				CLANG_WARN_STRICT_PROTOTYPES = YES;
				CLANG_WARN_SUSPICIOUS_MOVE = YES;
				CLANG_WARN_UNGUARDED_AVAILABILITY = YES_AGGRESSIVE;
				CLANG_WARN_UNREACHABLE_CODE = YES;
				CLANG_WARN__DUPLICATE_METHOD_MATCH = YES;
				COPY_PHASE_STRIP = NO;
				DEBUG_INFORMATION_FORMAT = dwarf;
				ENABLE_STRICT_OBJC_MSGSEND = YES;
				ENABLE_TESTABILITY = YES;
				GCC_C_LANGUAGE_STANDARD = gnu11;
				GCC_DYNAMIC_NO_PIC = NO;
				GCC_NO_COMMON_BLOCKS = YES;
				GCC_OPTIMIZATION_LEVEL = 0;
				GCC_PREPROCESSOR_DEFINITIONS = (
					"DEBUG=1",
					"$(inherited)",
				);
				GCC_WARN_64_TO_32_BIT_CONVERSION = YES;
				GCC_WARN_ABOUT_RETURN_TYPE = YES_ERROR;
				GCC_WARN_UNDECLARED_SELECTOR = YES;
				GCC_WARN_UNINITIALIZED_AUTOS = YES_AGGRESSIVE;
				GCC_WARN_UNUSED_FUNCTION = YES;
				GCC_WARN_UNUSED_VARIABLE = YES;
				IPHONEOS_DEPLOYMENT_TARGET = 14.4;
				MTL_ENABLE_DEBUG_INFO = INCLUDE_SOURCE;
				MTL_FAST_MATH = YES;
				ONLY_ACTIVE_ARCH = YES;
				SDKROOT = iphoneos;
				SWIFT_ACTIVE_COMPILATION_CONDITIONS = DEBUG;
				SWIFT_OPTIMIZATION_LEVEL = "-Onone";
			};
			name = Debug;
		};
		CE15F70E26503BAE00AF8E6D /* Release */ = {
			isa = XCBuildConfiguration;
			buildSettings = {
				ALWAYS_SEARCH_USER_PATHS = NO;
				CLANG_ANALYZER_NONNULL = YES;
				CLANG_ANALYZER_NUMBER_OBJECT_CONVERSION = YES_AGGRESSIVE;
				CLANG_CXX_LANGUAGE_STANDARD = "gnu++14";
				CLANG_CXX_LIBRARY = "libc++";
				CLANG_ENABLE_MODULES = YES;
				CLANG_ENABLE_OBJC_ARC = YES;
				CLANG_ENABLE_OBJC_WEAK = YES;
				CLANG_WARN_BLOCK_CAPTURE_AUTORELEASING = YES;
				CLANG_WARN_BOOL_CONVERSION = YES;
				CLANG_WARN_COMMA = YES;
				CLANG_WARN_CONSTANT_CONVERSION = YES;
				CLANG_WARN_DEPRECATED_OBJC_IMPLEMENTATIONS = YES;
				CLANG_WARN_DIRECT_OBJC_ISA_USAGE = YES_ERROR;
				CLANG_WARN_DOCUMENTATION_COMMENTS = YES;
				CLANG_WARN_EMPTY_BODY = YES;
				CLANG_WARN_ENUM_CONVERSION = YES;
				CLANG_WARN_INFINITE_RECURSION = YES;
				CLANG_WARN_INT_CONVERSION = YES;
				CLANG_WARN_NON_LITERAL_NULL_CONVERSION = YES;
				CLANG_WARN_OBJC_IMPLICIT_RETAIN_SELF = YES;
				CLANG_WARN_OBJC_LITERAL_CONVERSION = YES;
				CLANG_WARN_OBJC_ROOT_CLASS = YES_ERROR;
				CLANG_WARN_QUOTED_INCLUDE_IN_FRAMEWORK_HEADER = YES;
				CLANG_WARN_RANGE_LOOP_ANALYSIS = YES;
				CLANG_WARN_STRICT_PROTOTYPES = YES;
				CLANG_WARN_SUSPICIOUS_MOVE = YES;
				CLANG_WARN_UNGUARDED_AVAILABILITY = YES_AGGRESSIVE;
				CLANG_WARN_UNREACHABLE_CODE = YES;
				CLANG_WARN__DUPLICATE_METHOD_MATCH = YES;
				COPY_PHASE_STRIP = NO;
				DEBUG_INFORMATION_FORMAT = "dwarf-with-dsym";
				ENABLE_NS_ASSERTIONS = NO;
				ENABLE_STRICT_OBJC_MSGSEND = YES;
				GCC_C_LANGUAGE_STANDARD = gnu11;
				GCC_NO_COMMON_BLOCKS = YES;
				GCC_WARN_64_TO_32_BIT_CONVERSION = YES;
				GCC_WARN_ABOUT_RETURN_TYPE = YES_ERROR;
				GCC_WARN_UNDECLARED_SELECTOR = YES;
				GCC_WARN_UNINITIALIZED_AUTOS = YES_AGGRESSIVE;
				GCC_WARN_UNUSED_FUNCTION = YES;
				GCC_WARN_UNUSED_VARIABLE = YES;
				IPHONEOS_DEPLOYMENT_TARGET = 14.4;
				MTL_ENABLE_DEBUG_INFO = NO;
				MTL_FAST_MATH = YES;
				SDKROOT = iphoneos;
				SWIFT_COMPILATION_MODE = wholemodule;
				SWIFT_OPTIMIZATION_LEVEL = "-O";
				VALIDATE_PRODUCT = YES;
			};
			name = Release;
		};
		CE15F71026503BAE00AF8E6D /* Debug */ = {
			isa = XCBuildConfiguration;
			baseConfigurationReference = EF898E45A07759AA7D32B4B1 /* Pods-12.6.debug.xcconfig */;
			buildSettings = {
				ASSETCATALOG_COMPILER_APPICON_NAME = AppIcon;
				ASSETCATALOG_COMPILER_GLOBAL_ACCENT_COLOR_NAME = AccentColor;
				CODE_SIGN_STYLE = Automatic;
				DEVELOPMENT_TEAM = 9AL5MPV4CU;
				INFOPLIST_FILE = 12.6/Info.plist;
				LD_RUNPATH_SEARCH_PATHS = (
					"$(inherited)",
					"@executable_path/Frameworks",
				);
				PRODUCT_BUNDLE_IDENTIFIER = "com.dmitry.-2-6";
				PRODUCT_NAME = "$(TARGET_NAME)";
				SWIFT_VERSION = 5.0;
				TARGETED_DEVICE_FAMILY = "1,2";
			};
			name = Debug;
		};
		CE15F71126503BAE00AF8E6D /* Release */ = {
			isa = XCBuildConfiguration;
			baseConfigurationReference = 00368EE6C914A347C5101F3C /* Pods-12.6.release.xcconfig */;
			buildSettings = {
				ASSETCATALOG_COMPILER_APPICON_NAME = AppIcon;
				ASSETCATALOG_COMPILER_GLOBAL_ACCENT_COLOR_NAME = AccentColor;
				CODE_SIGN_STYLE = Automatic;
				DEVELOPMENT_TEAM = 9AL5MPV4CU;
				INFOPLIST_FILE = 12.6/Info.plist;
				LD_RUNPATH_SEARCH_PATHS = (
					"$(inherited)",
					"@executable_path/Frameworks",
				);
				PRODUCT_BUNDLE_IDENTIFIER = "com.dmitry.-2-6";
				PRODUCT_NAME = "$(TARGET_NAME)";
				SWIFT_VERSION = 5.0;
				TARGETED_DEVICE_FAMILY = "1,2";
			};
			name = Release;
		};
/* End XCBuildConfiguration section */

/* Begin XCConfigurationList section */
		CE15F6F626503B8E00AF8E6D /* Build configuration list for PBXProject "12.6" */ = {
			isa = XCConfigurationList;
			buildConfigurations = (
				CE15F70D26503BAE00AF8E6D /* Debug */,
				CE15F70E26503BAE00AF8E6D /* Release */,
			);
			defaultConfigurationIsVisible = 0;
			defaultConfigurationName = Release;
		};
		CE15F70F26503BAE00AF8E6D /* Build configuration list for PBXNativeTarget "12.6" */ = {
			isa = XCConfigurationList;
			buildConfigurations = (
				CE15F71026503BAE00AF8E6D /* Debug */,
				CE15F71126503BAE00AF8E6D /* Release */,
			);
			defaultConfigurationIsVisible = 0;
			defaultConfigurationName = Release;
		};
/* End XCConfigurationList section */

/* Begin XCVersionGroup section */
		CEDF0C9D265E596D00DCF90A /* TodoModel.xcdatamodeld */ = {
			isa = XCVersionGroup;
			children = (
				CEDF0C9E265E596D00DCF90A /* TodoModel.xcdatamodel */,
			);
			currentVersion = CEDF0C9E265E596D00DCF90A /* TodoModel.xcdatamodel */;
			path = TodoModel.xcdatamodeld;
			sourceTree = "<group>";
			versionGroupType = wrapper.xcdatamodel;
		};
/* End XCVersionGroup section */
	};
	rootObject = CE15F6F326503B8E00AF8E6D /* Project object */;
}
