// !$*UTF8*$!
{
	archiveVersion = 1;
	classes = {
	};
	objectVersion = 50;
	objects = {

/* Begin PBXBuildFile section */
		CE868B93263EB2DB00B0CF60 /* AppDelegate.swift in Sources */ = {isa = PBXBuildFile; fileRef = CE868B92263EB2DB00B0CF60 /* AppDelegate.swift */; };
		CE868B95263EB2DB00B0CF60 /* SceneDelegate.swift in Sources */ = {isa = PBXBuildFile; fileRef = CE868B94263EB2DB00B0CF60 /* SceneDelegate.swift */; };
		CE868B97263EB2DB00B0CF60 /* ViewController.swift in Sources */ = {isa = PBXBuildFile; fileRef = CE868B96263EB2DB00B0CF60 /* ViewController.swift */; };
		CE868B9A263EB2DB00B0CF60 /* Main.storyboard in Resources */ = {isa = PBXBuildFile; fileRef = CE868B98263EB2DB00B0CF60 /* Main.storyboard */; };
		CE868B9C263EB2DD00B0CF60 /* Assets.xcassets in Resources */ = {isa = PBXBuildFile; fileRef = CE868B9B263EB2DD00B0CF60 /* Assets.xcassets */; };
		CE868B9F263EB2DD00B0CF60 /* LaunchScreen.storyboard in Resources */ = {isa = PBXBuildFile; fileRef = CE868B9D263EB2DD00B0CF60 /* LaunchScreen.storyboard */; };
		CE868BA8263EB91100B0CF60 /* BViewController.swift in Sources */ = {isa = PBXBuildFile; fileRef = CE868BA7263EB91100B0CF60 /* BViewController.swift */; };
		CE868BAB263EBA0E00B0CF60 /* SelectColorViewController.swift in Sources */ = {isa = PBXBuildFile; fileRef = CE868BAA263EBA0E00B0CF60 /* SelectColorViewController.swift */; };
		CE89A6D1263F1433004190D0 /* ChangeColorViewController.swift in Sources */ = {isa = PBXBuildFile; fileRef = CE89A6D0263F1433004190D0 /* ChangeColorViewController.swift */; };
		CE89A6D4263F16FF004190D0 /* ChangeColorChildViewController.swift in Sources */ = {isa = PBXBuildFile; fileRef = CE89A6D3263F16FF004190D0 /* ChangeColorChildViewController.swift */; };
/* End PBXBuildFile section */

/* Begin PBXFileReference section */
		CE868B8F263EB2DB00B0CF60 /* 7.7.app */ = {isa = PBXFileReference; explicitFileType = wrapper.application; includeInIndex = 0; path = 7.7.app; sourceTree = BUILT_PRODUCTS_DIR; };
		CE868B92263EB2DB00B0CF60 /* AppDelegate.swift */ = {isa = PBXFileReference; lastKnownFileType = sourcecode.swift; path = AppDelegate.swift; sourceTree = "<group>"; };
		CE868B94263EB2DB00B0CF60 /* SceneDelegate.swift */ = {isa = PBXFileReference; lastKnownFileType = sourcecode.swift; path = SceneDelegate.swift; sourceTree = "<group>"; };
		CE868B96263EB2DB00B0CF60 /* ViewController.swift */ = {isa = PBXFileReference; lastKnownFileType = sourcecode.swift; path = ViewController.swift; sourceTree = "<group>"; };
		CE868B99263EB2DB00B0CF60 /* Base */ = {isa = PBXFileReference; lastKnownFileType = file.storyboard; name = Base; path = Base.lproj/Main.storyboard; sourceTree = "<group>"; };
		CE868B9B263EB2DD00B0CF60 /* Assets.xcassets */ = {isa = PBXFileReference; lastKnownFileType = folder.assetcatalog; path = Assets.xcassets; sourceTree = "<group>"; };
		CE868B9E263EB2DD00B0CF60 /* Base */ = {isa = PBXFileReference; lastKnownFileType = file.storyboard; name = Base; path = Base.lproj/LaunchScreen.storyboard; sourceTree = "<group>"; };
		CE868BA0263EB2DD00B0CF60 /* Info.plist */ = {isa = PBXFileReference; lastKnownFileType = text.plist.xml; path = Info.plist; sourceTree = "<group>"; };
		CE868BA7263EB91100B0CF60 /* BViewController.swift */ = {isa = PBXFileReference; lastKnownFileType = sourcecode.swift; path = BViewController.swift; sourceTree = "<group>"; };
		CE868BAA263EBA0E00B0CF60 /* SelectColorViewController.swift */ = {isa = PBXFileReference; lastKnownFileType = sourcecode.swift; path = SelectColorViewController.swift; sourceTree = "<group>"; };
		CE89A6D0263F1433004190D0 /* ChangeColorViewController.swift */ = {isa = PBXFileReference; lastKnownFileType = sourcecode.swift; path = ChangeColorViewController.swift; sourceTree = "<group>"; };
		CE89A6D3263F16FF004190D0 /* ChangeColorChildViewController.swift */ = {isa = PBXFileReference; lastKnownFileType = sourcecode.swift; path = ChangeColorChildViewController.swift; sourceTree = "<group>"; };
/* End PBXFileReference section */

/* Begin PBXFrameworksBuildPhase section */
		CE868B8C263EB2DB00B0CF60 /* Frameworks */ = {
			isa = PBXFrameworksBuildPhase;
			buildActionMask = 2147483647;
			files = (
			);
			runOnlyForDeploymentPostprocessing = 0;
		};
/* End PBXFrameworksBuildPhase section */

/* Begin PBXGroup section */
		CE868B86263EB2DB00B0CF60 = {
			isa = PBXGroup;
			children = (
				CE868B91263EB2DB00B0CF60 /* 7.7 */,
				CE868B90263EB2DB00B0CF60 /* Products */,
			);
			sourceTree = "<group>";
		};
		CE868B90263EB2DB00B0CF60 /* Products */ = {
			isa = PBXGroup;
			children = (
				CE868B8F263EB2DB00B0CF60 /* 7.7.app */,
			);
			name = Products;
			sourceTree = "<group>";
		};
		CE868B91263EB2DB00B0CF60 /* 7.7 */ = {
			isa = PBXGroup;
			children = (
				CE868B92263EB2DB00B0CF60 /* AppDelegate.swift */,
				CE868B94263EB2DB00B0CF60 /* SceneDelegate.swift */,
				CE868B96263EB2DB00B0CF60 /* ViewController.swift */,
				CE868B98263EB2DB00B0CF60 /* Main.storyboard */,
				CE89A6D3263F16FF004190D0 /* ChangeColorChildViewController.swift */,
				CE868BAA263EBA0E00B0CF60 /* SelectColorViewController.swift */,
				CE868BA7263EB91100B0CF60 /* BViewController.swift */,
				CE89A6D0263F1433004190D0 /* ChangeColorViewController.swift */,
				CE868B9B263EB2DD00B0CF60 /* Assets.xcassets */,
				CE868B9D263EB2DD00B0CF60 /* LaunchScreen.storyboard */,
				CE868BA0263EB2DD00B0CF60 /* Info.plist */,
			);
			path = 7.7;
			sourceTree = "<group>";
		};
/* End PBXGroup section */

/* Begin PBXNativeTarget section */
		CE868B8E263EB2DB00B0CF60 /* 7.7 */ = {
			isa = PBXNativeTarget;
			buildConfigurationList = CE868BA3263EB2DD00B0CF60 /* Build configuration list for PBXNativeTarget "7.7" */;
			buildPhases = (
				CE868B8B263EB2DB00B0CF60 /* Sources */,
				CE868B8C263EB2DB00B0CF60 /* Frameworks */,
				CE868B8D263EB2DB00B0CF60 /* Resources */,
			);
			buildRules = (
			);
			dependencies = (
			);
			name = 7.7;
			productName = 7.7;
			productReference = CE868B8F263EB2DB00B0CF60 /* 7.7.app */;
			productType = "com.apple.product-type.application";
		};
/* End PBXNativeTarget section */

/* Begin PBXProject section */
		CE868B87263EB2DB00B0CF60 /* Project object */ = {
			isa = PBXProject;
			attributes = {
				LastSwiftUpdateCheck = 1240;
				LastUpgradeCheck = 1240;
				TargetAttributes = {
					CE868B8E263EB2DB00B0CF60 = {
						CreatedOnToolsVersion = 12.4;
					};
				};
			};
			buildConfigurationList = CE868B8A263EB2DB00B0CF60 /* Build configuration list for PBXProject "7.7" */;
			compatibilityVersion = "Xcode 9.3";
			developmentRegion = en;
			hasScannedForEncodings = 0;
			knownRegions = (
				en,
				Base,
			);
			mainGroup = CE868B86263EB2DB00B0CF60;
			productRefGroup = CE868B90263EB2DB00B0CF60 /* Products */;
			projectDirPath = "";
			projectRoot = "";
			targets = (
				CE868B8E263EB2DB00B0CF60 /* 7.7 */,
			);
		};
/* End PBXProject section */

/* Begin PBXResourcesBuildPhase section */
		CE868B8D263EB2DB00B0CF60 /* Resources */ = {
			isa = PBXResourcesBuildPhase;
			buildActionMask = 2147483647;
			files = (
				CE868B9F263EB2DD00B0CF60 /* LaunchScreen.storyboard in Resources */,
				CE868B9C263EB2DD00B0CF60 /* Assets.xcassets in Resources */,
				CE868B9A263EB2DB00B0CF60 /* Main.storyboard in Resources */,
			);
			runOnlyForDeploymentPostprocessing = 0;
		};
/* End PBXResourcesBuildPhase section */

/* Begin PBXSourcesBuildPhase section */
		CE868B8B263EB2DB00B0CF60 /* Sources */ = {
			isa = PBXSourcesBuildPhase;
			buildActionMask = 2147483647;
			files = (
				CE868B97263EB2DB00B0CF60 /* ViewController.swift in Sources */,
				CE868BA8263EB91100B0CF60 /* BViewController.swift in Sources */,
				CE89A6D1263F1433004190D0 /* ChangeColorViewController.swift in Sources */,
				CE868B93263EB2DB00B0CF60 /* AppDelegate.swift in Sources */,
				CE868B95263EB2DB00B0CF60 /* SceneDelegate.swift in Sources */,
				CE868BAB263EBA0E00B0CF60 /* SelectColorViewController.swift in Sources */,
				CE89A6D4263F16FF004190D0 /* ChangeColorChildViewController.swift in Sources */,
			);
			runOnlyForDeploymentPostprocessing = 0;
		};
/* End PBXSourcesBuildPhase section */

/* Begin PBXVariantGroup section */
		CE868B98263EB2DB00B0CF60 /* Main.storyboard */ = {
			isa = PBXVariantGroup;
			children = (
				CE868B99263EB2DB00B0CF60 /* Base */,
			);
			name = Main.storyboard;
			sourceTree = "<group>";
		};
		CE868B9D263EB2DD00B0CF60 /* LaunchScreen.storyboard */ = {
			isa = PBXVariantGroup;
			children = (
				CE868B9E263EB2DD00B0CF60 /* Base */,
			);
			name = LaunchScreen.storyboard;
			sourceTree = "<group>";
		};
/* End PBXVariantGroup section */

/* Begin XCBuildConfiguration section */
		CE868BA1263EB2DD00B0CF60 /* Debug */ = {
			isa = XCBuildConfiguration;
			buildSettings = {
				ALWAYS_SEARCH_USER_PATHS = NO;
				CLANG_ANALYZER_NONNULL = YES;
				CLANG_ANALYZER_NUMBER_OBJECT_CONVERSION = YES_AGGRESSIVE;
				CLANG_CXX_LANGUAGE_STANDARD = "gnu++14";
				CLANG_CXX_LIBRARY = "libc++";
				CLANG_ENABLE_MODULES = YES;
				CLANG_ENABLE_OBJC_ARC = YES;
				CLANG_ENABLE_OBJC_WEAK = YES;
				CLANG_WARN_BLOCK_CAPTURE_AUTORELEASING = YES;
				CLANG_WARN_BOOL_CONVERSION = YES;
				CLANG_WARN_COMMA = YES;
				CLANG_WARN_CONSTANT_CONVERSION = YES;
				CLANG_WARN_DEPRECATED_OBJC_IMPLEMENTATIONS = YES;
				CLANG_WARN_DIRECT_OBJC_ISA_USAGE = YES_ERROR;
				CLANG_WARN_DOCUMENTATION_COMMENTS = YES;
				CLANG_WARN_EMPTY_BODY = YES;
				CLANG_WARN_ENUM_CONVERSION = YES;
				CLANG_WARN_INFINITE_RECURSION = YES;
				CLANG_WARN_INT_CONVERSION = YES;
				CLANG_WARN_NON_LITERAL_NULL_CONVERSION = YES;
				CLANG_WARN_OBJC_IMPLICIT_RETAIN_SELF = YES;
				CLANG_WARN_OBJC_LITERAL_CONVERSION = YES;
				CLANG_WARN_OBJC_ROOT_CLASS = YES_ERROR;
				CLANG_WARN_QUOTED_INCLUDE_IN_FRAMEWORK_HEADER = YES;
				CLANG_WARN_RANGE_LOOP_ANALYSIS = YES;
				CLANG_WARN_STRICT_PROTOTYPES = YES;
				CLANG_WARN_SUSPICIOUS_MOVE = YES;
				CLANG_WARN_UNGUARDED_AVAILABILITY = YES_AGGRESSIVE;
				CLANG_WARN_UNREACHABLE_CODE = YES;
				CLANG_WARN__DUPLICATE_METHOD_MATCH = YES;
				COPY_PHASE_STRIP = NO;
				DEBUG_INFORMATION_FORMAT = dwarf;
				ENABLE_STRICT_OBJC_MSGSEND = YES;
				ENABLE_TESTABILITY = YES;
				GCC_C_LANGUAGE_STANDARD = gnu11;
				GCC_DYNAMIC_NO_PIC = NO;
				GCC_NO_COMMON_BLOCKS = YES;
				GCC_OPTIMIZATION_LEVEL = 0;
				GCC_PREPROCESSOR_DEFINITIONS = (
					"DEBUG=1",
					"$(inherited)",
				);
				GCC_WARN_64_TO_32_BIT_CONVERSION = YES;
				GCC_WARN_ABOUT_RETURN_TYPE = YES_ERROR;
				GCC_WARN_UNDECLARED_SELECTOR = YES;
				GCC_WARN_UNINITIALIZED_AUTOS = YES_AGGRESSIVE;
				GCC_WARN_UNUSED_FUNCTION = YES;
				GCC_WARN_UNUSED_VARIABLE = YES;
				IPHONEOS_DEPLOYMENT_TARGET = 14.4;
				MTL_ENABLE_DEBUG_INFO = INCLUDE_SOURCE;
				MTL_FAST_MATH = YES;
				ONLY_ACTIVE_ARCH = YES;
				SDKROOT = iphoneos;
				SWIFT_ACTIVE_COMPILATION_CONDITIONS = DEBUG;
				SWIFT_OPTIMIZATION_LEVEL = "-Onone";
			};
			name = Debug;
		};
		CE868BA2263EB2DD00B0CF60 /* Release */ = {
			isa = XCBuildConfiguration;
			buildSettings = {
				ALWAYS_SEARCH_USER_PATHS = NO;
				CLANG_ANALYZER_NONNULL = YES;
				CLANG_ANALYZER_NUMBER_OBJECT_CONVERSION = YES_AGGRESSIVE;
				CLANG_CXX_LANGUAGE_STANDARD = "gnu++14";
				CLANG_CXX_LIBRARY = "libc++";
				CLANG_ENABLE_MODULES = YES;
				CLANG_ENABLE_OBJC_ARC = YES;
				CLANG_ENABLE_OBJC_WEAK = YES;
				CLANG_WARN_BLOCK_CAPTURE_AUTORELEASING = YES;
				CLANG_WARN_BOOL_CONVERSION = YES;
				CLANG_WARN_COMMA = YES;
				CLANG_WARN_CONSTANT_CONVERSION = YES;
				CLANG_WARN_DEPRECATED_OBJC_IMPLEMENTATIONS = YES;
				CLANG_WARN_DIRECT_OBJC_ISA_USAGE = YES_ERROR;
				CLANG_WARN_DOCUMENTATION_COMMENTS = YES;
				CLANG_WARN_EMPTY_BODY = YES;
				CLANG_WARN_ENUM_CONVERSION = YES;
				CLANG_WARN_INFINITE_RECURSION = YES;
				CLANG_WARN_INT_CONVERSION = YES;
				CLANG_WARN_NON_LITERAL_NULL_CONVERSION = YES;
				CLANG_WARN_OBJC_IMPLICIT_RETAIN_SELF = YES;
				CLANG_WARN_OBJC_LITERAL_CONVERSION = YES;
				CLANG_WARN_OBJC_ROOT_CLASS = YES_ERROR;
				CLANG_WARN_QUOTED_INCLUDE_IN_FRAMEWORK_HEADER = YES;
				CLANG_WARN_RANGE_LOOP_ANALYSIS = YES;
				CLANG_WARN_STRICT_PROTOTYPES = YES;
				CLANG_WARN_SUSPICIOUS_MOVE = YES;
				CLANG_WARN_UNGUARDED_AVAILABILITY = YES_AGGRESSIVE;
				CLANG_WARN_UNREACHABLE_CODE = YES;
				CLANG_WARN__DUPLICATE_METHOD_MATCH = YES;
				COPY_PHASE_STRIP = NO;
				DEBUG_INFORMATION_FORMAT = "dwarf-with-dsym";
				ENABLE_NS_ASSERTIONS = NO;
				ENABLE_STRICT_OBJC_MSGSEND = YES;
				GCC_C_LANGUAGE_STANDARD = gnu11;
				GCC_NO_COMMON_BLOCKS = YES;
				GCC_WARN_64_TO_32_BIT_CONVERSION = YES;
				GCC_WARN_ABOUT_RETURN_TYPE = YES_ERROR;
				GCC_WARN_UNDECLARED_SELECTOR = YES;
				GCC_WARN_UNINITIALIZED_AUTOS = YES_AGGRESSIVE;
				GCC_WARN_UNUSED_FUNCTION = YES;
				GCC_WARN_UNUSED_VARIABLE = YES;
				IPHONEOS_DEPLOYMENT_TARGET = 14.4;
				MTL_ENABLE_DEBUG_INFO = NO;
				MTL_FAST_MATH = YES;
				SDKROOT = iphoneos;
				SWIFT_COMPILATION_MODE = wholemodule;
				SWIFT_OPTIMIZATION_LEVEL = "-O";
				VALIDATE_PRODUCT = YES;
			};
			name = Release;
		};
		CE868BA4263EB2DD00B0CF60 /* Debug */ = {
			isa = XCBuildConfiguration;
			buildSettings = {
				ASSETCATALOG_COMPILER_APPICON_NAME = AppIcon;
				ASSETCATALOG_COMPILER_GLOBAL_ACCENT_COLOR_NAME = AccentColor;
				CODE_SIGN_STYLE = Automatic;
				DEVELOPMENT_TEAM = 9AL5MPV4CU;
				INFOPLIST_FILE = 7.7/Info.plist;
				LD_RUNPATH_SEARCH_PATHS = (
					"$(inherited)",
					"@executable_path/Frameworks",
				);
				PRODUCT_BUNDLE_IDENTIFIER = "com.dmitry.--7";
				PRODUCT_NAME = "$(TARGET_NAME)";
				SWIFT_VERSION = 5.0;
				TARGETED_DEVICE_FAMILY = "1,2";
			};
			name = Debug;
		};
		CE868BA5263EB2DD00B0CF60 /* Release */ = {
			isa = XCBuildConfiguration;
			buildSettings = {
				ASSETCATALOG_COMPILER_APPICON_NAME = AppIcon;
				ASSETCATALOG_COMPILER_GLOBAL_ACCENT_COLOR_NAME = AccentColor;
				CODE_SIGN_STYLE = Automatic;
				DEVELOPMENT_TEAM = 9AL5MPV4CU;
				INFOPLIST_FILE = 7.7/Info.plist;
				LD_RUNPATH_SEARCH_PATHS = (
					"$(inherited)",
					"@executable_path/Frameworks",
				);
				PRODUCT_BUNDLE_IDENTIFIER = "com.dmitry.--7";
				PRODUCT_NAME = "$(TARGET_NAME)";
				SWIFT_VERSION = 5.0;
				TARGETED_DEVICE_FAMILY = "1,2";
			};
			name = Release;
		};
/* End XCBuildConfiguration section */

/* Begin XCConfigurationList section */
		CE868B8A263EB2DB00B0CF60 /* Build configuration list for PBXProject "7.7" */ = {
			isa = XCConfigurationList;
			buildConfigurations = (
				CE868BA1263EB2DD00B0CF60 /* Debug */,
				CE868BA2263EB2DD00B0CF60 /* Release */,
			);
			defaultConfigurationIsVisible = 0;
			defaultConfigurationName = Release;
		};
		CE868BA3263EB2DD00B0CF60 /* Build configuration list for PBXNativeTarget "7.7" */ = {
			isa = XCConfigurationList;
			buildConfigurations = (
				CE868BA4263EB2DD00B0CF60 /* Debug */,
				CE868BA5263EB2DD00B0CF60 /* Release */,
			);
			defaultConfigurationIsVisible = 0;
			defaultConfigurationName = Release;
		};
/* End XCConfigurationList section */
	};
	rootObject = CE868B87263EB2DB00B0CF60 /* Project object */;
}
